<?xml version="1.0" encoding="utf-8"?>
<Project ToolsVersion="18.0" xmlns="http://schemas.microsoft.com/developer/msbuild/2003">
  <ItemGroup>
    <CustomBuild Include="C:\Users\FNP20\source\repos\sjtu_contender\CMakeLists.txt" />
  </ItemGroup>
  <ItemGroup>
    <Filter Include="src">
      <UniqueIdentifier>{bb281452-43ba-41bb-bf50-3382830637cf}</UniqueIdentifier>
    </Filter>
    <Filter Include="sjtu_contender">
      <UniqueIdentifier>{fc0cd7f3-9908-4d3e-b890-f4fad763e09f}</UniqueIdentifier>
    </Filter>
    <Filter Include="src\WindowUI">
      <UniqueIdentifier>{d70bd056-329a-496c-a011-078230371832}</UniqueIdentifier>
    </Filter>
  </ItemGroup>
  <ItemGroup>
    <ClCompile Include="src\WindowUI\basic_window.cpp">
      <Filter>src\WindowUI</Filter>
    </ClCompile>
    <ClCompile Include="src\TicketEngine.cpp">
      <Filter>src</Filter>
    </ClCompile>
    <ClCompile Include="src\main.cpp">
      <Filter>src</Filter>
    </ClCompile>
  </ItemGroup>
  <ItemGroup>
    <None Include="packages.config" />
  </ItemGroup>
  <ItemGroup>
    <Natvis Include="$(MSBuildThisFileDirectory)..\..\natvis\wil.natvis" />
    <Natvis Include="$(MSBuildThisFileDirectory)..\..\natvis\wil.natstepfilter" />
  </ItemGroup>
  <ItemGroup>
    <ClInclude Include="src\TicketEngine.h">
      <Filter>src</Filter>
    </ClInclude>
  </ItemGroup>
</Project>